
Microsoft Visual Studio Solution File, Format Version 12.00
# Visual Studio Version 16
VisualStudioVersion = 16.0.29728.190
MinimumVisualStudioVersion = 10.0.40219.1
Project("{FAE04EC0-301F-11D3-BF4B-00C04F79EFBC}") = "StringTutortialProject", "StringTutortialProject\StringTutortialProject.csproj", "{EC01D4D0-B211-4367-82D2-3B86EA101F84}"
EndProject
Global
	GlobalSection(SolutionConfigurationPlatforms) = preSolution
		Debug|Any CPU = Debug|Any CPU
		Release|Any CPU = Release|Any CPU
	EndGlobalSection
	GlobalSection(ProjectConfigurationPlatforms) = postSolution
		{EC01D4D0-B211-4367-82D2-3B86EA101F84}.Debug|Any CPU.ActiveCfg = Debug|Any CPU
		{EC01D4D0-B211-4367-82D2-3B86EA101F84}.Debug|Any CPU.Build.0 = Debug|Any CPU
		{EC01D4D0-B211-4367-82D2-3B86EA101F84}.Release|Any CPU.ActiveCfg = Release|Any CPU
		{EC01D4D0-B211-4367-82D2-3B86EA101F84}.Release|Any CPU.Build.0 = Release|Any CPU
	EndGlobalSection
	GlobalSection(SolutionProperties) = preSolution
		HideSolutionNode = FALSE
	EndGlobalSection
	GlobalSection(ExtensibilityGlobals) = postSolution
		SolutionGuid = {CB546903-9621-4811-BBFA-193434CE18CD}
	EndGlobalSection
EndGlobal
